// !$*UTF8*$!
{
	archiveVersion = 1;
	classes = {
	};
	objectVersion = 46;
	objects = {

/* Begin PBXBuildFile section */
		6378E8551E7638850044B6DE /* AppDelegate.swift in Sources */ = {isa = PBXBuildFile; fileRef = 6378E8541E7638850044B6DE /* AppDelegate.swift */; };
		6378E8571E7638850044B6DE /* ViewController.swift in Sources */ = {isa = PBXBuildFile; fileRef = 6378E8561E7638850044B6DE /* ViewController.swift */; };
		6378E85A1E7638850044B6DE /* Main.storyboard in Resources */ = {isa = PBXBuildFile; fileRef = 6378E8581E7638850044B6DE /* Main.storyboard */; };
		6378E85C1E7638850044B6DE /* Assets.xcassets in Resources */ = {isa = PBXBuildFile; fileRef = 6378E85B1E7638850044B6DE /* Assets.xcassets */; };
		6378E85F1E7638850044B6DE /* LaunchScreen.storyboard in Resources */ = {isa = PBXBuildFile; fileRef = 6378E85D1E7638850044B6DE /* LaunchScreen.storyboard */; };
/* End PBXBuildFile section */

/* Begin PBXFileReference section */
		6378E8511E7638840044B6DE /* SmartBox.app */ = {isa = PBXFileReference; explicitFileType = wrapper.application; includeInIndex = 0; path = SmartBox.app; sourceTree = BUILT_PRODUCTS_DIR; };
		6378E8541E7638850044B6DE /* AppDelegate.swift */ = {isa = PBXFileReference; lastKnownFileType = sourcecode.swift; path = AppDelegate.swift; sourceTree = "<group>"; };
		6378E8561E7638850044B6DE /* ViewController.swift */ = {isa = PBXFileReference; lastKnownFileType = sourcecode.swift; path = ViewController.swift; sourceTree = "<group>"; };
		6378E8591E7638850044B6DE /* Base */ = {isa = PBXFileReference; lastKnownFileType = file.storyboard; name = Base; path = Base.lproj/Main.storyboard; sourceTree = "<group>"; };
		6378E85B1E7638850044B6DE /* Assets.xcassets */ = {isa = PBXFileReference; lastKnownFileType = folder.assetcatalog; path = Assets.xcassets; sourceTree = "<group>"; };
		6378E85E1E7638850044B6DE /* Base */ = {isa = PBXFileReference; lastKnownFileType = file.storyboard; name = Base; path = Base.lproj/LaunchScreen.storyboard; sourceTree = "<group>"; };
		6378E8601E7638850044B6DE /* Info.plist */ = {isa = PBXFileReference; lastKnownFileType = text.plist.xml; path = Info.plist; sourceTree = "<group>"; };
/* End PBXFileReference section */

/* Begin PBXFrameworksBuildPhase section */
		6378E84E1E7638840044B6DE /* Frameworks */ = {
			isa = PBXFrameworksBuildPhase;
			buildActionMask = 2147483647;
			files = (
			);
			runOnlyForDeploymentPostprocessing = 0;
		};
/* End PBXFrameworksBuildPhase section */

/* Begin PBXGroup section */
		6378E8481E7638840044B6DE = {
			isa = PBXGroup;
			children = (
				6378E8531E7638840044B6DE /* SmartBox */,
				6378E8521E7638840044B6DE /* Products */,
			);
			sourceTree = "<group>";
		};
		6378E8521E7638840044B6DE /* Products */ = {
			isa = PBXGroup;
			children = (
				6378E8511E7638840044B6DE /* SmartBox.app */,
			);
			name = Products;
			sourceTree = "<group>";
		};
		6378E8531E7638840044B6DE /* SmartBox */ = {
			isa = PBXGroup;
			children = (
				6378E8541E7638850044B6DE /* AppDelegate.swift */,
				6378E8561E7638850044B6DE /* ViewController.swift */,
				6378E8581E7638850044B6DE /* Main.storyboard */,
				6378E85B1E7638850044B6DE /* Assets.xcassets */,
				6378E85D1E7638850044B6DE /* LaunchScreen.storyboard */,
				6378E8601E7638850044B6DE /* Info.plist */,
			);
			path = SmartBox;
			sourceTree = "<group>";
		};
/* End PBXGroup section */

/* Begin PBXNativeTarget section */
		6378E8501E7638840044B6DE /* SmartBox */ = {
			isa = PBXNativeTarget;
			buildConfigurationList = 6378E8631E7638850044B6DE /* Build configuration list for PBXNativeTarget "SmartBox" */;
			buildPhases = (
				6378E84D1E7638840044B6DE /* Sources */,
				6378E84E1E7638840044B6DE /* Frameworks */,
				6378E84F1E7638840044B6DE /* Resources */,
			);
			buildRules = (
			);
			dependencies = (
			);
			name = SmartBox;
			productName = SmartBox;
			productReference = 6378E8511E7638840044B6DE /* SmartBox.app */;
			productType = "com.apple.product-type.application";
		};
/* End PBXNativeTarget section */

/* Begin PBXProject section */
		6378E8491E7638840044B6DE /* Project object */ = {
			isa = PBXProject;
			attributes = {
				LastSwiftUpdateCheck = 0730;
				LastUpgradeCheck = 0730;
				TargetAttributes = {
					6378E8501E7638840044B6DE = {
						CreatedOnToolsVersion = 7.3.1;
					};
				};
			};
			buildConfigurationList = 6378E84C1E7638840044B6DE /* Build configuration list for PBXProject "SmartBox" */;
			compatibilityVersion = "Xcode 3.2";
			developmentRegion = English;
			hasScannedForEncodings = 0;
			knownRegions = (
				en,
				Base,
			);
			mainGroup = 6378E8481E7638840044B6DE;
			productRefGroup = 6378E8521E7638840044B6DE /* Products */;
			projectDirPath = "";
			projectRoot = "";
			targets = (
				6378E8501E7638840044B6DE /* SmartBox */,
			);
		};
/* End PBXProject section */

/* Begin PBXResourcesBuildPhase section */
		6378E84F1E7638840044B6DE /* Resources */ = {
			isa = PBXResourcesBuildPhase;
			buildActionMask = 2147483647;
			files = (
				6378E85F1E7638850044B6DE /* LaunchScreen.storyboard in Resources */,
				6378E85C1E7638850044B6DE /* Assets.xcassets in Resources */,
				6378E85A1E7638850044B6DE /* Main.storyboard in Resources */,
			);
			runOnlyForDeploymentPostprocessing = 0;
		};
/* End PBXResourcesBuildPhase section */

/* Begin PBXSourcesBuildPhase section */
		6378E84D1E7638840044B6DE /* Sources */ = {
			isa = PBXSourcesBuildPhase;
			buildActionMask = 2147483647;
			files = (
				6378E8571E7638850044B6DE /* ViewController.swift in Sources */,
				6378E8551E7638850044B6DE /* AppDelegate.swift in Sources */,
			);
			runOnlyForDeploymentPostprocessing = 0;
		};
/* End PBXSourcesBuildPhase section */

/* Begin PBXVariantGroup section */
		6378E8581E7638850044B6DE /* Main.storyboard */ = {
			isa = PBXVariantGroup;
			children = (
				6378E8591E7638850044B6DE /* Base */,
			);
			name = Main.storyboard;
			sourceTree = "<group>";
		};
		6378E85D1E7638850044B6DE /* LaunchScreen.storyboard */ = {
			isa = PBXVariantGroup;
			children = (
				6378E85E1E7638850044B6DE /* Base */,
			);
			name = LaunchScreen.storyboard;
			sourceTree = "<group>";
		};
/* End PBXVariantGroup section */

/* Begin XCBuildConfiguration section */
		6378E8611E7638850044B6DE /* Debug */ = {
			isa = XCBuildConfiguration;
			buildSettings = {
				ALWAYS_SEARCH_USER_PATHS = NO;
				CLANG_ANALYZER_NONNULL = YES;
				CLANG_CXX_LANGUAGE_STANDARD = "gnu++0x";
				CLANG_CXX_LIBRARY = "libc++";
				CLANG_ENABLE_MODULES = YES;
				CLANG_ENABLE_OBJC_ARC = YES;
				CLANG_WARN_BOOL_CONVERSION = YES;
				CLANG_WARN_CONSTANT_CONVERSION = YES;
				CLANG_WARN_DIRECT_OBJC_ISA_USAGE = YES_ERROR;
				CLANG_WARN_EMPTY_BODY = YES;
				CLANG_WARN_ENUM_CONVERSION = YES;
				CLANG_WARN_INT_CONVERSION = YES;
				CLANG_WARN_OBJC_ROOT_CLASS = YES_ERROR;
				CLANG_WARN_UNREACHABLE_CODE = YES;
				CLANG_WARN__DUPLICATE_METHOD_MATCH = YES;
				"CODE_SIGN_IDENTITY[sdk=iphoneos*]" = "iPhone Developer";
				COPY_PHASE_STRIP = NO;
				DEBUG_INFORMATION_FORMAT = dwarf;
				ENABLE_STRICT_OBJC_MSGSEND = YES;
				ENABLE_TESTABILITY = YES;
				GCC_C_LANGUAGE_STANDARD = gnu99;
				GCC_DYNAMIC_NO_PIC = NO;
				GCC_NO_COMMON_BLOCKS = YES;
				GCC_OPTIMIZATION_LEVEL = 0;
				GCC_PREPROCESSOR_DEFINITIONS = (
					"DEBUG=1",
					"$(inherited)",
				);
				GCC_WARN_64_TO_32_BIT_CONVERSION = YES;
				GCC_WARN_ABOUT_RETURN_TYPE = YES_ERROR;
				GCC_WARN_UNDECLARED_SELECTOR = YES;
				GCC_WARN_UNINITIALIZED_AUTOS = YES_AGGRESSIVE;
				GCC_WARN_UNUSED_FUNCTION = YES;
				GCC_WARN_UNUSED_VARIABLE = YES;
				IPHONEOS_DEPLOYMENT_TARGET = 9.3;
				MTL_ENABLE_DEBUG_INFO = YES;
				ONLY_ACTIVE_ARCH = YES;
				SDKROOT = iphoneos;
				SWIFT_OPTIMIZATION_LEVEL = "-Onone";
			};
			name = Debug;
		};
		6378E8621E7638850044B6DE /* Release */ = {
			isa = XCBuildConfiguration;
			buildSettings = {
				ALWAYS_SEARCH_USER_PATHS = NO;
				CLANG_ANALYZER_NONNULL = YES;
				CLANG_CXX_LANGUAGE_STANDARD = "gnu++0x";
				CLANG_CXX_LIBRARY = "libc++";
				CLANG_ENABLE_MODULES = YES;
				CLANG_ENABLE_OBJC_ARC = YES;
				CLANG_WARN_BOOL_CONVERSION = YES;
				CLANG_WARN_CONSTANT_CONVERSION = YES;
				CLANG_WARN_DIRECT_OBJC_ISA_USAGE = YES_ERROR;
				CLANG_WARN_EMPTY_BODY = YES;
				CLANG_WARN_ENUM_CONVERSION = YES;
				CLANG_WARN_INT_CONVERSION = YES;
				CLANG_WARN_OBJC_ROOT_CLASS = YES_ERROR;
				CLANG_WARN_UNREACHABLE_CODE = YES;
				CLANG_WARN__DUPLICATE_METHOD_MATCH = YES;
				"CODE_SIGN_IDENTITY[sdk=iphoneos*]" = "iPhone Developer";
				COPY_PHASE_STRIP = NO;
				DEBUG_INFORMATION_FORMAT = "dwarf-with-dsym";
				ENABLE_NS_ASSERTIONS = NO;
				ENABLE_STRICT_OBJC_MSGSEND = YES;
				GCC_C_LANGUAGE_STANDARD = gnu99;
				GCC_NO_COMMON_BLOCKS = YES;
				GCC_WARN_64_TO_32_BIT_CONVERSION = YES;
				GCC_WARN_ABOUT_RETURN_TYPE = YES_ERROR;
				GCC_WARN_UNDECLARED_SELECTOR = YES;
				GCC_WARN_UNINITIALIZED_AUTOS = YES_AGGRESSIVE;
				GCC_WARN_UNUSED_FUNCTION = YES;
				GCC_WARN_UNUSED_VARIABLE = YES;
				IPHONEOS_DEPLOYMENT_TARGET = 9.3;
				MTL_ENABLE_DEBUG_INFO = NO;
				SDKROOT = iphoneos;
				VALIDATE_PRODUCT = YES;
			};
			name = Release;
		};
		6378E8641E7638850044B6DE /* Debug */ = {
			isa = XCBuildConfiguration;
			buildSettings = {
				ASSETCATALOG_COMPILER_APPICON_NAME = AppIcon;
				INFOPLIST_FILE = SmartBox/Info.plist;
				LD_RUNPATH_SEARCH_PATHS = "$(inherited) @executable_path/Frameworks";
				PRODUCT_BUNDLE_IDENTIFIER = Nithin.SmartBox;
				PRODUCT_NAME = "$(TARGET_NAME)";
			};
			name = Debug;
		};
		6378E8651E7638850044B6DE /* Release */ = {
			isa = XCBuildConfiguration;
			buildSettings = {
				ASSETCATALOG_COMPILER_APPICON_NAME = AppIcon;
				INFOPLIST_FILE = SmartBox/Info.plist;
				LD_RUNPATH_SEARCH_PATHS = "$(inherited) @executable_path/Frameworks";
				PRODUCT_BUNDLE_IDENTIFIER = Nithin.SmartBox;
				PRODUCT_NAME = "$(TARGET_NAME)";
			};
			name = Release;
		};
/* End XCBuildConfiguration section */

/* Begin XCConfigurationList section */
		6378E84C1E7638840044B6DE /* Build configuration list for PBXProject "SmartBox" */ = {
			isa = XCConfigurationList;
			buildConfigurations = (
				6378E8611E7638850044B6DE /* Debug */,
				6378E8621E7638850044B6DE /* Release */,
			);
			defaultConfigurationIsVisible = 0;
			defaultConfigurationName = Release;
		};
		6378E8631E7638850044B6DE /* Build configuration list for PBXNativeTarget "SmartBox" */ = {
			isa = XCConfigurationList;
			buildConfigurations = (
				6378E8641E7638850044B6DE /* Debug */,
				6378E8651E7638850044B6DE /* Release */,
			);
			defaultConfigurationIsVisible = 0;
		};
/* End XCConfigurationList section */
	};
	rootObject = 6378E8491E7638840044B6DE /* Project object */;
}
